
Microsoft Visual Studio Solution File, Format Version 12.00
# Visual Studio Version 17
VisualStudioVersion = 17.6.33815.320
MinimumVisualStudioVersion = 10.0.40219.1
Project("{FAE04EC0-301F-11D3-BF4B-00C04F79EFBC}") = "Habit_Trecker.Android", "Habit_Trecker\Habit_Trecker.Android\Habit_Trecker.Android.csproj", "{6313467B-6860-4CDA-A009-E71ABFEADD83}"
EndProject
Project("{FAE04EC0-301F-11D3-BF4B-00C04F79EFBC}") = "Habit_Trecker.iOS", "Habit_Trecker\Habit_Trecker.iOS\Habit_Trecker.iOS.csproj", "{80C1C53F-51FF-47FD-9C4A-C98ADAEE5072}"
EndProject
Project("{9A19103F-16F7-4668-BE54-9A1E7A4F7556}") = "Habit_Trecker", "Habit_Trecker\Habit_Trecker\Habit_Trecker.csproj", "{36A8ED7D-09AA-46BC-847E-CBAEC008D367}"
EndProject
Global
	GlobalSection(SolutionConfigurationPlatforms) = preSolution
		Debug|Any CPU = Debug|Any CPU
		Debug|iPhone = Debug|iPhone
		Debug|iPhoneSimulator = Debug|iPhoneSimulator
		Release|Any CPU = Release|Any CPU
		Release|iPhone = Release|iPhone
		Release|iPhoneSimulator = Release|iPhoneSimulator
	EndGlobalSection
	GlobalSection(ProjectConfigurationPlatforms) = postSolution
		{6313467B-6860-4CDA-A009-E71ABFEADD83}.Debug|Any CPU.ActiveCfg = Debug|Any CPU
		{6313467B-6860-4CDA-A009-E71ABFEADD83}.Debug|Any CPU.Build.0 = Debug|Any CPU
		{6313467B-6860-4CDA-A009-E71ABFEADD83}.Debug|Any CPU.Deploy.0 = Debug|Any CPU
		{6313467B-6860-4CDA-A009-E71ABFEADD83}.Debug|iPhone.ActiveCfg = Debug|Any CPU
		{6313467B-6860-4CDA-A009-E71ABFEADD83}.Debug|iPhone.Build.0 = Debug|Any CPU
		{6313467B-6860-4CDA-A009-E71ABFEADD83}.Debug|iPhone.Deploy.0 = Debug|Any CPU
		{6313467B-6860-4CDA-A009-E71ABFEADD83}.Debug|iPhoneSimulator.ActiveCfg = Debug|Any CPU
		{6313467B-6860-4CDA-A009-E71ABFEADD83}.Debug|iPhoneSimulator.Build.0 = Debug|Any CPU
		{6313467B-6860-4CDA-A009-E71ABFEADD83}.Debug|iPhoneSimulator.Deploy.0 = Debug|Any CPU
		{6313467B-6860-4CDA-A009-E71ABFEADD83}.Release|Any CPU.ActiveCfg = Release|Any CPU
		{6313467B-6860-4CDA-A009-E71ABFEADD83}.Release|Any CPU.Build.0 = Release|Any CPU
		{6313467B-6860-4CDA-A009-E71ABFEADD83}.Release|Any CPU.Deploy.0 = Release|Any CPU
		{6313467B-6860-4CDA-A009-E71ABFEADD83}.Release|iPhone.ActiveCfg = Release|Any CPU
		{6313467B-6860-4CDA-A009-E71ABFEADD83}.Release|iPhone.Build.0 = Release|Any CPU
		{6313467B-6860-4CDA-A009-E71ABFEADD83}.Release|iPhone.Deploy.0 = Release|Any CPU
		{6313467B-6860-4CDA-A009-E71ABFEADD83}.Release|iPhoneSimulator.ActiveCfg = Release|Any CPU
		{6313467B-6860-4CDA-A009-E71ABFEADD83}.Release|iPhoneSimulator.Build.0 = Release|Any CPU
		{6313467B-6860-4CDA-A009-E71ABFEADD83}.Release|iPhoneSimulator.Deploy.0 = Release|Any CPU
		{80C1C53F-51FF-47FD-9C4A-C98ADAEE5072}.Debug|Any CPU.ActiveCfg = Debug|iPhone
		{80C1C53F-51FF-47FD-9C4A-C98ADAEE5072}.Debug|Any CPU.Build.0 = Debug|iPhone
		{80C1C53F-51FF-47FD-9C4A-C98ADAEE5072}.Debug|Any CPU.Deploy.0 = Debug|iPhone
		{80C1C53F-51FF-47FD-9C4A-C98ADAEE5072}.Debug|iPhone.ActiveCfg = Debug|iPhone
		{80C1C53F-51FF-47FD-9C4A-C98ADAEE5072}.Debug|iPhone.Build.0 = Debug|iPhone
		{80C1C53F-51FF-47FD-9C4A-C98ADAEE5072}.Debug|iPhone.Deploy.0 = Debug|iPhone
		{80C1C53F-51FF-47FD-9C4A-C98ADAEE5072}.Debug|iPhoneSimulator.ActiveCfg = Debug|iPhoneSimulator
		{80C1C53F-51FF-47FD-9C4A-C98ADAEE5072}.Debug|iPhoneSimulator.Build.0 = Debug|iPhoneSimulator
		{80C1C53F-51FF-47FD-9C4A-C98ADAEE5072}.Debug|iPhoneSimulator.Deploy.0 = Debug|iPhoneSimulator
		{80C1C53F-51FF-47FD-9C4A-C98ADAEE5072}.Release|Any CPU.ActiveCfg = Release|iPhoneSimulator
		{80C1C53F-51FF-47FD-9C4A-C98ADAEE5072}.Release|Any CPU.Build.0 = Release|iPhoneSimulator
		{80C1C53F-51FF-47FD-9C4A-C98ADAEE5072}.Release|Any CPU.Deploy.0 = Release|iPhoneSimulator
		{80C1C53F-51FF-47FD-9C4A-C98ADAEE5072}.Release|iPhone.ActiveCfg = Release|iPhone
		{80C1C53F-51FF-47FD-9C4A-C98ADAEE5072}.Release|iPhone.Build.0 = Release|iPhone
		{80C1C53F-51FF-47FD-9C4A-C98ADAEE5072}.Release|iPhone.Deploy.0 = Release|iPhone
		{80C1C53F-51FF-47FD-9C4A-C98ADAEE5072}.Release|iPhoneSimulator.ActiveCfg = Release|iPhoneSimulator
		{80C1C53F-51FF-47FD-9C4A-C98ADAEE5072}.Release|iPhoneSimulator.Build.0 = Release|iPhoneSimulator
		{80C1C53F-51FF-47FD-9C4A-C98ADAEE5072}.Release|iPhoneSimulator.Deploy.0 = Release|iPhoneSimulator
		{36A8ED7D-09AA-46BC-847E-CBAEC008D367}.Debug|Any CPU.ActiveCfg = Debug|Any CPU
		{36A8ED7D-09AA-46BC-847E-CBAEC008D367}.Debug|Any CPU.Build.0 = Debug|Any CPU
		{36A8ED7D-09AA-46BC-847E-CBAEC008D367}.Debug|Any CPU.Deploy.0 = Debug|Any CPU
		{36A8ED7D-09AA-46BC-847E-CBAEC008D367}.Debug|iPhone.ActiveCfg = Debug|Any CPU
		{36A8ED7D-09AA-46BC-847E-CBAEC008D367}.Debug|iPhone.Build.0 = Debug|Any CPU
		{36A8ED7D-09AA-46BC-847E-CBAEC008D367}.Debug|iPhone.Deploy.0 = Debug|Any CPU
		{36A8ED7D-09AA-46BC-847E-CBAEC008D367}.Debug|iPhoneSimulator.ActiveCfg = Debug|Any CPU
		{36A8ED7D-09AA-46BC-847E-CBAEC008D367}.Debug|iPhoneSimulator.Build.0 = Debug|Any CPU
		{36A8ED7D-09AA-46BC-847E-CBAEC008D367}.Debug|iPhoneSimulator.Deploy.0 = Debug|Any CPU
		{36A8ED7D-09AA-46BC-847E-CBAEC008D367}.Release|Any CPU.ActiveCfg = Release|Any CPU
		{36A8ED7D-09AA-46BC-847E-CBAEC008D367}.Release|Any CPU.Build.0 = Release|Any CPU
		{36A8ED7D-09AA-46BC-847E-CBAEC008D367}.Release|Any CPU.Deploy.0 = Release|Any CPU
		{36A8ED7D-09AA-46BC-847E-CBAEC008D367}.Release|iPhone.ActiveCfg = Release|Any CPU
		{36A8ED7D-09AA-46BC-847E-CBAEC008D367}.Release|iPhone.Build.0 = Release|Any CPU
		{36A8ED7D-09AA-46BC-847E-CBAEC008D367}.Release|iPhone.Deploy.0 = Release|Any CPU
		{36A8ED7D-09AA-46BC-847E-CBAEC008D367}.Release|iPhoneSimulator.ActiveCfg = Release|Any CPU
		{36A8ED7D-09AA-46BC-847E-CBAEC008D367}.Release|iPhoneSimulator.Build.0 = Release|Any CPU
		{36A8ED7D-09AA-46BC-847E-CBAEC008D367}.Release|iPhoneSimulator.Deploy.0 = Release|Any CPU
	EndGlobalSection
	GlobalSection(SolutionProperties) = preSolution
		HideSolutionNode = FALSE
	EndGlobalSection
	GlobalSection(ExtensibilityGlobals) = postSolution
		SolutionGuid = {428CC279-B749-4C03-81DD-3DAC5AA2E0D5}
	EndGlobalSection
EndGlobal
